// !$*UTF8*$!
{
	archiveVersion = 1;
	classes = {
	};
	objectVersion = 52;
	objects = {

/* Begin PBXBuildFile section */
		DD0ED83426840E7900BC2EEB /* Speedometer.swift in Sources */ = {isa = PBXBuildFile; fileRef = DD0ED83326840E7900BC2EEB /* Speedometer.swift */; };
		DD0ED8542684A80A00BC2EEB /* Altitude.swift in Sources */ = {isa = PBXBuildFile; fileRef = DD0ED8532684A80900BC2EEB /* Altitude.swift */; };
		DD0ED8562684AB5200BC2EEB /* Compass.swift in Sources */ = {isa = PBXBuildFile; fileRef = DD0ED8552684AB5200BC2EEB /* Compass.swift */; };
		DD745EBA26826F1500D12D30 /* GtuParsInterface.swift in Sources */ = {isa = PBXBuildFile; fileRef = DD745EB926826F1500D12D30 /* GtuParsInterface.swift */; };
		DD745EBC26826F1500D12D30 /* ContentView.swift in Sources */ = {isa = PBXBuildFile; fileRef = DD745EBB26826F1500D12D30 /* ContentView.swift */; };
		DD745EBE26826F1700D12D30 /* Assets.xcassets in Resources */ = {isa = PBXBuildFile; fileRef = DD745EBD26826F1700D12D30 /* Assets.xcassets */; };
		DD745EC126826F1700D12D30 /* Preview Assets.xcassets in Resources */ = {isa = PBXBuildFile; fileRef = DD745EC026826F1700D12D30 /* Preview Assets.xcassets */; };
		DD745ED02682708B00D12D30 /* Mavsdk.swift in Sources */ = {isa = PBXBuildFile; fileRef = DD745ECF2682708B00D12D30 /* Mavsdk.swift */; };
		DD745EDD268274BF00D12D30 /* TelemetryViewModel.swift in Sources */ = {isa = PBXBuildFile; fileRef = DD745EDC268274BF00D12D30 /* TelemetryViewModel.swift */; };
		DD745EEB26827A2B00D12D30 /* Mavsdk in Frameworks */ = {isa = PBXBuildFile; productRef = DD745EEA26827A2B00D12D30 /* Mavsdk */; };
		DD81A452268F45600036D4BE /* MenuView.swift in Sources */ = {isa = PBXBuildFile; fileRef = DD81A451268F45600036D4BE /* MenuView.swift */; };
		DD81A454268F45E80036D4BE /* AirNeedleView.swift in Sources */ = {isa = PBXBuildFile; fileRef = DD81A453268F45E80036D4BE /* AirNeedleView.swift */; };
		DD81A456268F46260036D4BE /* VerticalNeedleView.swift in Sources */ = {isa = PBXBuildFile; fileRef = DD81A455268F46260036D4BE /* VerticalNeedleView.swift */; };
		DD81A458268F46300036D4BE /* VerticalSpeed.swift in Sources */ = {isa = PBXBuildFile; fileRef = DD81A457268F46300036D4BE /* VerticalSpeed.swift */; };
		DD81A45A268F463E0036D4BE /* AltitudeIndicator.swift in Sources */ = {isa = PBXBuildFile; fileRef = DD81A459268F463E0036D4BE /* AltitudeIndicator.swift */; };
		DDC5334C26B033490014A3A4 /* TurnCoordinator.swift in Sources */ = {isa = PBXBuildFile; fileRef = DDC5334B26B033490014A3A4 /* TurnCoordinator.swift */; };
/* End PBXBuildFile section */

/* Begin PBXFileReference section */
		DD0ED83326840E7900BC2EEB /* Speedometer.swift */ = {isa = PBXFileReference; lastKnownFileType = sourcecode.swift; path = Speedometer.swift; sourceTree = "<group>"; };
		DD0ED8532684A80900BC2EEB /* Altitude.swift */ = {isa = PBXFileReference; lastKnownFileType = sourcecode.swift; path = Altitude.swift; sourceTree = "<group>"; };
		DD0ED8552684AB5200BC2EEB /* Compass.swift */ = {isa = PBXFileReference; lastKnownFileType = sourcecode.swift; path = Compass.swift; sourceTree = "<group>"; };
		DD745EB626826F1500D12D30 /* GtuParsInterface.app */ = {isa = PBXFileReference; explicitFileType = wrapper.application; includeInIndex = 0; path = GtuParsInterface.app; sourceTree = BUILT_PRODUCTS_DIR; };
		DD745EB926826F1500D12D30 /* GtuParsInterface.swift */ = {isa = PBXFileReference; lastKnownFileType = sourcecode.swift; path = GtuParsInterface.swift; sourceTree = "<group>"; };
		DD745EBB26826F1500D12D30 /* ContentView.swift */ = {isa = PBXFileReference; lastKnownFileType = sourcecode.swift; path = ContentView.swift; sourceTree = "<group>"; };
		DD745EBD26826F1700D12D30 /* Assets.xcassets */ = {isa = PBXFileReference; lastKnownFileType = folder.assetcatalog; path = Assets.xcassets; sourceTree = "<group>"; };
		DD745EC026826F1700D12D30 /* Preview Assets.xcassets */ = {isa = PBXFileReference; lastKnownFileType = folder.assetcatalog; path = "Preview Assets.xcassets"; sourceTree = "<group>"; };
		DD745EC226826F1700D12D30 /* Info.plist */ = {isa = PBXFileReference; lastKnownFileType = text.plist.xml; path = Info.plist; sourceTree = "<group>"; };
		DD745EC326826F1700D12D30 /* GtuParsInterface.entitlements */ = {isa = PBXFileReference; lastKnownFileType = text.plist.entitlements; path = GtuParsInterface.entitlements; sourceTree = "<group>"; };
		DD745ECF2682708B00D12D30 /* Mavsdk.swift */ = {isa = PBXFileReference; lastKnownFileType = sourcecode.swift; path = Mavsdk.swift; sourceTree = "<group>"; };
		DD745EDC268274BF00D12D30 /* TelemetryViewModel.swift */ = {isa = PBXFileReference; fileEncoding = 4; lastKnownFileType = sourcecode.swift; path = TelemetryViewModel.swift; sourceTree = "<group>"; };
		DD81A451268F45600036D4BE /* MenuView.swift */ = {isa = PBXFileReference; lastKnownFileType = sourcecode.swift; path = MenuView.swift; sourceTree = "<group>"; };
		DD81A453268F45E80036D4BE /* AirNeedleView.swift */ = {isa = PBXFileReference; fileEncoding = 4; lastKnownFileType = sourcecode.swift; path = AirNeedleView.swift; sourceTree = "<group>"; };
		DD81A455268F46260036D4BE /* VerticalNeedleView.swift */ = {isa = PBXFileReference; fileEncoding = 4; lastKnownFileType = sourcecode.swift; path = VerticalNeedleView.swift; sourceTree = "<group>"; };
		DD81A457268F46300036D4BE /* VerticalSpeed.swift */ = {isa = PBXFileReference; fileEncoding = 4; lastKnownFileType = sourcecode.swift; path = VerticalSpeed.swift; sourceTree = "<group>"; };
		DD81A459268F463E0036D4BE /* AltitudeIndicator.swift */ = {isa = PBXFileReference; fileEncoding = 4; lastKnownFileType = sourcecode.swift; path = AltitudeIndicator.swift; sourceTree = "<group>"; };
		DDC5334B26B033490014A3A4 /* TurnCoordinator.swift */ = {isa = PBXFileReference; fileEncoding = 4; lastKnownFileType = sourcecode.swift; path = TurnCoordinator.swift; sourceTree = "<group>"; };
/* End PBXFileReference section */

/* Begin PBXFrameworksBuildPhase section */
		DD745EB326826F1500D12D30 /* Frameworks */ = {
			isa = PBXFrameworksBuildPhase;
			buildActionMask = 2147483647;
			files = (
				DD745EEB26827A2B00D12D30 /* Mavsdk in Frameworks */,
			);
			runOnlyForDeploymentPostprocessing = 0;
		};
/* End PBXFrameworksBuildPhase section */

/* Begin PBXGroup section */
		DD0ED83226840E6400BC2EEB /* Interface */ = {
			isa = PBXGroup;
			children = (
				DD0ED83326840E7900BC2EEB /* Speedometer.swift */,
				DDC5334B26B033490014A3A4 /* TurnCoordinator.swift */,
				DD81A459268F463E0036D4BE /* AltitudeIndicator.swift */,
				DD0ED8552684AB5200BC2EEB /* Compass.swift */,
				DD0ED8532684A80900BC2EEB /* Altitude.swift */,
				DD81A457268F46300036D4BE /* VerticalSpeed.swift */,
			);
			path = Interface;
			sourceTree = "<group>";
		};
		DD745EAD26826F1500D12D30 = {
			isa = PBXGroup;
			children = (
				DD745EB826826F1500D12D30 /* GtuParsInterface */,
				DD745EB726826F1500D12D30 /* Products */,
				DDEC59E926827DD700E9DAA1 /* Frameworks */,
			);
			sourceTree = "<group>";
		};
		DD745EB726826F1500D12D30 /* Products */ = {
			isa = PBXGroup;
			children = (
				DD745EB626826F1500D12D30 /* GtuParsInterface.app */,
			);
			name = Products;
			sourceTree = "<group>";
		};
		DD745EB826826F1500D12D30 /* GtuParsInterface */ = {
			isa = PBXGroup;
			children = (
				DD745EDF268274D000D12D30 /* Views */,
				DD745ED92682748600D12D30 /* ViewModels */,
				DD745ECE2682707A00D12D30 /* Models */,
				DD745EB926826F1500D12D30 /* GtuParsInterface.swift */,
				DD745EBD26826F1700D12D30 /* Assets.xcassets */,
				DD745EC226826F1700D12D30 /* Info.plist */,
				DD745EC326826F1700D12D30 /* GtuParsInterface.entitlements */,
				DD745EBF26826F1700D12D30 /* Preview Content */,
			);
			path = GtuParsInterface;
			sourceTree = "<group>";
		};
		DD745EBF26826F1700D12D30 /* Preview Content */ = {
			isa = PBXGroup;
			children = (
				DD745EC026826F1700D12D30 /* Preview Assets.xcassets */,
			);
			path = "Preview Content";
			sourceTree = "<group>";
		};
		DD745ECE2682707A00D12D30 /* Models */ = {
			isa = PBXGroup;
			children = (
				DD745ECF2682708B00D12D30 /* Mavsdk.swift */,
			);
			path = Models;
			sourceTree = "<group>";
		};
		DD745ED92682748600D12D30 /* ViewModels */ = {
			isa = PBXGroup;
			children = (
				DD745EDE268274C200D12D30 /* MenuViewModels */,
			);
			path = ViewModels;
			sourceTree = "<group>";
		};
		DD745EDE268274C200D12D30 /* MenuViewModels */ = {
			isa = PBXGroup;
			children = (
				DD745EDC268274BF00D12D30 /* TelemetryViewModel.swift */,
			);
			path = MenuViewModels;
			sourceTree = "<group>";
		};
		DD745EDF268274D000D12D30 /* Views */ = {
			isa = PBXGroup;
			children = (
				DD0ED83226840E6400BC2EEB /* Interface */,
				DDBC460626828E7100F59B49 /* Gauge */,
				DD745EE2268274E600D12D30 /* MenuViews */,
			);
			path = Views;
			sourceTree = "<group>";
		};
		DD745EE2268274E600D12D30 /* MenuViews */ = {
			isa = PBXGroup;
			children = (
				DD745EBB26826F1500D12D30 /* ContentView.swift */,
				DD81A451268F45600036D4BE /* MenuView.swift */,
			);
			path = MenuViews;
			sourceTree = "<group>";
		};
		DDBC460626828E7100F59B49 /* Gauge */ = {
			isa = PBXGroup;
			children = (
				DD81A453268F45E80036D4BE /* AirNeedleView.swift */,
				DD81A455268F46260036D4BE /* VerticalNeedleView.swift */,
			);
			path = Gauge;
			sourceTree = "<group>";
		};
		DDEC59E926827DD700E9DAA1 /* Frameworks */ = {
			isa = PBXGroup;
			children = (
			);
			name = Frameworks;
			sourceTree = "<group>";
		};
/* End PBXGroup section */

/* Begin PBXNativeTarget section */
		DD745EB526826F1500D12D30 /* GtuParsInterface */ = {
			isa = PBXNativeTarget;
			buildConfigurationList = DD745EC626826F1700D12D30 /* Build configuration list for PBXNativeTarget "GtuParsInterface" */;
			buildPhases = (
				DD745EB226826F1500D12D30 /* Sources */,
				DD745EB326826F1500D12D30 /* Frameworks */,
				DD745EB426826F1500D12D30 /* Resources */,
			);
			buildRules = (
			);
			dependencies = (
			);
			name = GtuParsInterface;
			packageProductDependencies = (
				DD745EEA26827A2B00D12D30 /* Mavsdk */,
			);
			productName = MavsdkSwiftSwiftui;
			productReference = DD745EB626826F1500D12D30 /* GtuParsInterface.app */;
			productType = "com.apple.product-type.application";
		};
/* End PBXNativeTarget section */

/* Begin PBXProject section */
		DD745EAE26826F1500D12D30 /* Project object */ = {
			isa = PBXProject;
			attributes = {
				LastSwiftUpdateCheck = 1250;
				LastUpgradeCheck = 1250;
				TargetAttributes = {
					DD745EB526826F1500D12D30 = {
						CreatedOnToolsVersion = 12.5;
					};
				};
			};
			buildConfigurationList = DD745EB126826F1500D12D30 /* Build configuration list for PBXProject "GtuParsInterface" */;
			compatibilityVersion = "Xcode 9.3";
			developmentRegion = en;
			hasScannedForEncodings = 0;
			knownRegions = (
				en,
				Base,
			);
			mainGroup = DD745EAD26826F1500D12D30;
			packageReferences = (
				DD745EE726827A2B00D12D30 /* XCRemoteSwiftPackageReference "MAVSDK-Swift" */,
			);
			productRefGroup = DD745EB726826F1500D12D30 /* Products */;
			projectDirPath = "";
			projectRoot = "";
			targets = (
				DD745EB526826F1500D12D30 /* GtuParsInterface */,
			);
		};
/* End PBXProject section */

/* Begin PBXResourcesBuildPhase section */
		DD745EB426826F1500D12D30 /* Resources */ = {
			isa = PBXResourcesBuildPhase;
			buildActionMask = 2147483647;
			files = (
				DD745EC126826F1700D12D30 /* Preview Assets.xcassets in Resources */,
				DD745EBE26826F1700D12D30 /* Assets.xcassets in Resources */,
			);
			runOnlyForDeploymentPostprocessing = 0;
		};
/* End PBXResourcesBuildPhase section */

/* Begin PBXSourcesBuildPhase section */
		DD745EB226826F1500D12D30 /* Sources */ = {
			isa = PBXSourcesBuildPhase;
			buildActionMask = 2147483647;
			files = (
				DD745EDD268274BF00D12D30 /* TelemetryViewModel.swift in Sources */,
				DDC5334C26B033490014A3A4 /* TurnCoordinator.swift in Sources */,
				DD0ED83426840E7900BC2EEB /* Speedometer.swift in Sources */,
				DD81A454268F45E80036D4BE /* AirNeedleView.swift in Sources */,
				DD0ED8562684AB5200BC2EEB /* Compass.swift in Sources */,
				DD81A45A268F463E0036D4BE /* AltitudeIndicator.swift in Sources */,
				DD745EBC26826F1500D12D30 /* ContentView.swift in Sources */,
				DD745ED02682708B00D12D30 /* Mavsdk.swift in Sources */,
				DD745EBA26826F1500D12D30 /* GtuParsInterface.swift in Sources */,
				DD81A452268F45600036D4BE /* MenuView.swift in Sources */,
				DD81A458268F46300036D4BE /* VerticalSpeed.swift in Sources */,
				DD0ED8542684A80A00BC2EEB /* Altitude.swift in Sources */,
				DD81A456268F46260036D4BE /* VerticalNeedleView.swift in Sources */,
			);
			runOnlyForDeploymentPostprocessing = 0;
		};
/* End PBXSourcesBuildPhase section */

/* Begin XCBuildConfiguration section */
		DD745EC426826F1700D12D30 /* Debug */ = {
			isa = XCBuildConfiguration;
			buildSettings = {
				ALWAYS_SEARCH_USER_PATHS = NO;
				CLANG_ANALYZER_NONNULL = YES;
				CLANG_ANALYZER_NUMBER_OBJECT_CONVERSION = YES_AGGRESSIVE;
				CLANG_CXX_LANGUAGE_STANDARD = "gnu++14";
				CLANG_CXX_LIBRARY = "libc++";
				CLANG_ENABLE_MODULES = YES;
				CLANG_ENABLE_OBJC_ARC = YES;
				CLANG_ENABLE_OBJC_WEAK = YES;
				CLANG_WARN_BLOCK_CAPTURE_AUTORELEASING = YES;
				CLANG_WARN_BOOL_CONVERSION = YES;
				CLANG_WARN_COMMA = YES;
				CLANG_WARN_CONSTANT_CONVERSION = YES;
				CLANG_WARN_DEPRECATED_OBJC_IMPLEMENTATIONS = YES;
				CLANG_WARN_DIRECT_OBJC_ISA_USAGE = YES_ERROR;
				CLANG_WARN_DOCUMENTATION_COMMENTS = YES;
				CLANG_WARN_EMPTY_BODY = YES;
				CLANG_WARN_ENUM_CONVERSION = YES;
				CLANG_WARN_INFINITE_RECURSION = YES;
				CLANG_WARN_INT_CONVERSION = YES;
				CLANG_WARN_NON_LITERAL_NULL_CONVERSION = YES;
				CLANG_WARN_OBJC_IMPLICIT_RETAIN_SELF = YES;
				CLANG_WARN_OBJC_LITERAL_CONVERSION = YES;
				CLANG_WARN_OBJC_ROOT_CLASS = YES_ERROR;
				CLANG_WARN_QUOTED_INCLUDE_IN_FRAMEWORK_HEADER = YES;
				CLANG_WARN_RANGE_LOOP_ANALYSIS = YES;
				CLANG_WARN_STRICT_PROTOTYPES = YES;
				CLANG_WARN_SUSPICIOUS_MOVE = YES;
				CLANG_WARN_UNGUARDED_AVAILABILITY = YES_AGGRESSIVE;
				CLANG_WARN_UNREACHABLE_CODE = YES;
				CLANG_WARN__DUPLICATE_METHOD_MATCH = YES;
				COPY_PHASE_STRIP = NO;
				DEBUG_INFORMATION_FORMAT = dwarf;
				ENABLE_STRICT_OBJC_MSGSEND = YES;
				ENABLE_TESTABILITY = YES;
				FRAMEWORK_SEARCH_PATHS = "/Users/bahadirbuber/Library/Developer/Xcode/DerivedData/MavsdkSwiftSwiftui-eimhmgwuokeknhhdxnexiolmgmwf/SourcePackages/artifacts/MAVSDK-XCFramework";
				GCC_C_LANGUAGE_STANDARD = gnu11;
				GCC_DYNAMIC_NO_PIC = NO;
				GCC_NO_COMMON_BLOCKS = YES;
				GCC_OPTIMIZATION_LEVEL = 0;
				GCC_PREPROCESSOR_DEFINITIONS = (
					"DEBUG=1",
					"$(inherited)",
				);
				GCC_WARN_64_TO_32_BIT_CONVERSION = YES;
				GCC_WARN_ABOUT_RETURN_TYPE = YES_ERROR;
				GCC_WARN_UNDECLARED_SELECTOR = YES;
				GCC_WARN_UNINITIALIZED_AUTOS = YES_AGGRESSIVE;
				GCC_WARN_UNUSED_FUNCTION = YES;
				GCC_WARN_UNUSED_VARIABLE = YES;
				MACOSX_DEPLOYMENT_TARGET = 11.3;
				MTL_ENABLE_DEBUG_INFO = INCLUDE_SOURCE;
				MTL_FAST_MATH = YES;
				ONLY_ACTIVE_ARCH = YES;
				SDKROOT = macosx;
				SWIFT_ACTIVE_COMPILATION_CONDITIONS = DEBUG;
				SWIFT_OPTIMIZATION_LEVEL = "-Onone";
			};
			name = Debug;
		};
		DD745EC526826F1700D12D30 /* Release */ = {
			isa = XCBuildConfiguration;
			buildSettings = {
				ALWAYS_SEARCH_USER_PATHS = NO;
				CLANG_ANALYZER_NONNULL = YES;
				CLANG_ANALYZER_NUMBER_OBJECT_CONVERSION = YES_AGGRESSIVE;
				CLANG_CXX_LANGUAGE_STANDARD = "gnu++14";
				CLANG_CXX_LIBRARY = "libc++";
				CLANG_ENABLE_MODULES = YES;
				CLANG_ENABLE_OBJC_ARC = YES;
				CLANG_ENABLE_OBJC_WEAK = YES;
				CLANG_WARN_BLOCK_CAPTURE_AUTORELEASING = YES;
				CLANG_WARN_BOOL_CONVERSION = YES;
				CLANG_WARN_COMMA = YES;
				CLANG_WARN_CONSTANT_CONVERSION = YES;
				CLANG_WARN_DEPRECATED_OBJC_IMPLEMENTATIONS = YES;
				CLANG_WARN_DIRECT_OBJC_ISA_USAGE = YES_ERROR;
				CLANG_WARN_DOCUMENTATION_COMMENTS = YES;
				CLANG_WARN_EMPTY_BODY = YES;
				CLANG_WARN_ENUM_CONVERSION = YES;
				CLANG_WARN_INFINITE_RECURSION = YES;
				CLANG_WARN_INT_CONVERSION = YES;
				CLANG_WARN_NON_LITERAL_NULL_CONVERSION = YES;
				CLANG_WARN_OBJC_IMPLICIT_RETAIN_SELF = YES;
				CLANG_WARN_OBJC_LITERAL_CONVERSION = YES;
				CLANG_WARN_OBJC_ROOT_CLASS = YES_ERROR;
				CLANG_WARN_QUOTED_INCLUDE_IN_FRAMEWORK_HEADER = YES;
				CLANG_WARN_RANGE_LOOP_ANALYSIS = YES;
				CLANG_WARN_STRICT_PROTOTYPES = YES;
				CLANG_WARN_SUSPICIOUS_MOVE = YES;
				CLANG_WARN_UNGUARDED_AVAILABILITY = YES_AGGRESSIVE;
				CLANG_WARN_UNREACHABLE_CODE = YES;
				CLANG_WARN__DUPLICATE_METHOD_MATCH = YES;
				COPY_PHASE_STRIP = NO;
				DEBUG_INFORMATION_FORMAT = "dwarf-with-dsym";
				ENABLE_NS_ASSERTIONS = NO;
				ENABLE_STRICT_OBJC_MSGSEND = YES;
				FRAMEWORK_SEARCH_PATHS = "/Users/bahadirbuber/Library/Developer/Xcode/DerivedData/MavsdkSwiftSwiftui-eimhmgwuokeknhhdxnexiolmgmwf/SourcePackages/artifacts/MAVSDK-XCFramework";
				GCC_C_LANGUAGE_STANDARD = gnu11;
				GCC_NO_COMMON_BLOCKS = YES;
				GCC_WARN_64_TO_32_BIT_CONVERSION = YES;
				GCC_WARN_ABOUT_RETURN_TYPE = YES_ERROR;
				GCC_WARN_UNDECLARED_SELECTOR = YES;
				GCC_WARN_UNINITIALIZED_AUTOS = YES_AGGRESSIVE;
				GCC_WARN_UNUSED_FUNCTION = YES;
				GCC_WARN_UNUSED_VARIABLE = YES;
				MACOSX_DEPLOYMENT_TARGET = 11.3;
				MTL_ENABLE_DEBUG_INFO = NO;
				MTL_FAST_MATH = YES;
				SDKROOT = macosx;
				SWIFT_COMPILATION_MODE = wholemodule;
				SWIFT_OPTIMIZATION_LEVEL = "-O";
			};
			name = Release;
		};
		DD745EC726826F1700D12D30 /* Debug */ = {
			isa = XCBuildConfiguration;
			buildSettings = {
				ASSETCATALOG_COMPILER_APPICON_NAME = AppIcon;
				ASSETCATALOG_COMPILER_GLOBAL_ACCENT_COLOR_NAME = AccentColor;
				CODE_SIGN_ENTITLEMENTS = GtuParsInterface/GtuParsInterface.entitlements;
				CODE_SIGN_IDENTITY = "-";
				CODE_SIGN_STYLE = Automatic;
				COMBINE_HIDPI_IMAGES = YES;
				DEVELOPMENT_ASSET_PATHS = "\"GtuParsInterface/Preview Content\"";
				DEVELOPMENT_TEAM = MSA7839NHY;
				ENABLE_HARDENED_RUNTIME = YES;
				ENABLE_PREVIEWS = YES;
				INFOPLIST_FILE = GtuParsInterface/Info.plist;
				LD_RUNPATH_SEARCH_PATHS = (
					"$(inherited)",
					"@executable_path/../Frameworks",
				);
				MACOSX_DEPLOYMENT_TARGET = 11.0;
				PRODUCT_BUNDLE_IDENTIFIER = com.bahadirbuber.gtuParsInterface;
				PRODUCT_NAME = "$(TARGET_NAME)";
				SWIFT_VERSION = 5.0;
			};
			name = Debug;
		};
		DD745EC826826F1700D12D30 /* Release */ = {
			isa = XCBuildConfiguration;
			buildSettings = {
				ASSETCATALOG_COMPILER_APPICON_NAME = AppIcon;
				ASSETCATALOG_COMPILER_GLOBAL_ACCENT_COLOR_NAME = AccentColor;
				CODE_SIGN_ENTITLEMENTS = GtuParsInterface/GtuParsInterface.entitlements;
				CODE_SIGN_IDENTITY = "-";
				CODE_SIGN_STYLE = Automatic;
				COMBINE_HIDPI_IMAGES = YES;
				DEVELOPMENT_ASSET_PATHS = "\"GtuParsInterface/Preview Content\"";
				DEVELOPMENT_TEAM = MSA7839NHY;
				ENABLE_HARDENED_RUNTIME = YES;
				ENABLE_PREVIEWS = YES;
				INFOPLIST_FILE = GtuParsInterface/Info.plist;
				LD_RUNPATH_SEARCH_PATHS = (
					"$(inherited)",
					"@executable_path/../Frameworks",
				);
				MACOSX_DEPLOYMENT_TARGET = 11.0;
				PRODUCT_BUNDLE_IDENTIFIER = com.bahadirbuber.gtuParsInterface;
				PRODUCT_NAME = "$(TARGET_NAME)";
				SWIFT_VERSION = 5.0;
			};
			name = Release;
		};
/* End XCBuildConfiguration section */

/* Begin XCConfigurationList section */
		DD745EB126826F1500D12D30 /* Build configuration list for PBXProject "GtuParsInterface" */ = {
			isa = XCConfigurationList;
			buildConfigurations = (
				DD745EC426826F1700D12D30 /* Debug */,
				DD745EC526826F1700D12D30 /* Release */,
			);
			defaultConfigurationIsVisible = 0;
			defaultConfigurationName = Release;
		};
		DD745EC626826F1700D12D30 /* Build configuration list for PBXNativeTarget "GtuParsInterface" */ = {
			isa = XCConfigurationList;
			buildConfigurations = (
				DD745EC726826F1700D12D30 /* Debug */,
				DD745EC826826F1700D12D30 /* Release */,
			);
			defaultConfigurationIsVisible = 0;
			defaultConfigurationName = Release;
		};
/* End XCConfigurationList section */

/* Begin XCRemoteSwiftPackageReference section */
		DD745EE726827A2B00D12D30 /* XCRemoteSwiftPackageReference "MAVSDK-Swift" */ = {
			isa = XCRemoteSwiftPackageReference;
			repositoryURL = "https://github.com/mavlink/MAVSDK-Swift";
			requirement = {
				kind = upToNextMajorVersion;
				minimumVersion = 0.13.0;
			};
		};
/* End XCRemoteSwiftPackageReference section */

/* Begin XCSwiftPackageProductDependency section */
		DD745EEA26827A2B00D12D30 /* Mavsdk */ = {
			isa = XCSwiftPackageProductDependency;
			package = DD745EE726827A2B00D12D30 /* XCRemoteSwiftPackageReference "MAVSDK-Swift" */;
			productName = Mavsdk;
		};
/* End XCSwiftPackageProductDependency section */
	};
	rootObject = DD745EAE26826F1500D12D30 /* Project object */;
}
